
Microsoft Visual Studio Solution File, Format Version 12.00
# Visual Studio Version 16
VisualStudioVersion = 16.0.30011.22
MinimumVisualStudioVersion = 10.0.40219.1
Project("{FAE04EC0-301F-11D3-BF4B-00C04F79EFBC}") = "ControlInventario", "ControlInventario.csproj", "{5EED1518-9F6B-4C85-B842-90FB3F105EF7}"
EndProject
Global
	GlobalSection(SolutionConfigurationPlatforms) = preSolution
		Debug|Any CPU = Debug|Any CPU
		Release|Any CPU = Release|Any CPU
	EndGlobalSection
	GlobalSection(ProjectConfigurationPlatforms) = postSolution
		{5EED1518-9F6B-4C85-B842-90FB3F105EF7}.Debug|Any CPU.ActiveCfg = Debug|Any CPU
		{5EED1518-9F6B-4C85-B842-90FB3F105EF7}.Debug|Any CPU.Build.0 = Debug|Any CPU
		{5EED1518-9F6B-4C85-B842-90FB3F105EF7}.Release|Any CPU.ActiveCfg = Release|Any CPU
		{5EED1518-9F6B-4C85-B842-90FB3F105EF7}.Release|Any CPU.Build.0 = Release|Any CPU
	EndGlobalSection
	GlobalSection(SolutionProperties) = preSolution
		HideSolutionNode = FALSE
	EndGlobalSection
	GlobalSection(ExtensibilityGlobals) = postSolution
		SolutionGuid = {04C7A4D5-07B0-4988-B318-B475A1281284}
	EndGlobalSection
EndGlobal
